{
  "version": "5",
  "redirects": {
    "https://esm.sh/@supabase/supabase-js@2": "https://esm.sh/@supabase/supabase-js@2.111.0"
  },
  "remote": {
    "https://esm.sh/@supabase/supabase-js@2.111.0": "276104e20b7318fac2be1c67eb9be93f4280f5ec9f2fc5ac7b32e1f0ed6f31ba"
  },
  "workspace": {
    "packageJson": {
      "dependencies": [
        "npm:@expo-google-fonts/cinzel@~0.4.2",
        "npm:@expo-google-fonts/inter@~0.4.2",
        "npm:@expo-google-fonts/lato@~0.4.1",
        "npm:@expo/ngrok@^4.1.0",
        "npm:@expo/vector-icons@^15.1.1",
        "npm:@gorhom/bottom-sheet@^5.2.14",
        "npm:@hookform/resolvers@^5.4.0",
        "npm:@react-native-async-storage/async-storage@2.2.0",
        "npm:@react-native-community/datetimepicker@9.1.0",
        "npm:@supabase/supabase-js@^2.110.0",
        "npm:@types/react@~19.2.2",
        "npm:babel-preset-expo@56.0",
        "npm:date-fns@^4.4.0",
        "npm:eslint-config-expo@~56.0.4",
        "npm:eslint@9",
        "npm:expo-build-properties@~56.0.19",
        "npm:expo-constants@~56.0.18",
        "npm:expo-dev-client@~56.0.23",
        "npm:expo-device@~56.0.4",
        "npm:expo-document-picker@~56.0.4",
        "npm:expo-file-system@~56.0.8",
        "npm:expo-font@~56.0.7",
        "npm:expo-image-manipulator@~56.0.19",
        "npm:expo-image-picker@~56.0.18",
        "npm:expo-image@~56.0.11",
        "npm:expo-linking@~56.0.14",
        "npm:expo-notifications@~56.0.18",
        "npm:expo-print@~56.0.4",
        "npm:expo-router@~56.2.11",
        "npm:expo-secure-store@~56.0.4",
        "npm:expo-sharing@~56.0.18",
        "npm:expo-splash-screen@~56.0.10",
        "npm:expo-status-bar@~56.0.4",
        "npm:expo-updates@~56.0.22",
        "npm:expo-video-thumbnails@~56.0.3",
        "npm:expo-video@~56.1.4",
        "npm:expo-web-browser@~56.0.5",
        "npm:expo@~56.0.12",
        "npm:jszip@^3.10.1",
        "npm:nativewind@^4.2.5",
        "npm:react-dom@19.2.3",
        "npm:react-hook-form@^7.79.0",
        "npm:react-native-chart-kit@^6.12.3",
        "npm:react-native-gesture-handler@~2.31.1",
        "npm:react-native-reanimated@4.3.1",
        "npm:react-native-safe-area-context@5.7",
        "npm:react-native-screens@4.25.2",
        "npm:react-native-svg@15.15.4",
        "npm:react-native-url-polyfill@3",
        "npm:react-native-web@~0.21.2",
        "npm:react-native-webview@13.16.1",
        "npm:react-native-worklets@0.8.3",
        "npm:react-native@0.85.3",
        "npm:react@19.2.3",
        "npm:sharp@~0.35.2",
        "npm:tailwindcss@^3.4.19",
        "npm:typescript@~6.0.3",
        "npm:xlsx@~0.18.5",
        "npm:zod@^4.4.3",
        "npm:zustand@^5.0.14"
      ]
    }
  }
}
